PODS:
  - Alamofire (3.4.1)
  - Cocoazur_Core (0.1.0)
  - Cocoazur_Dropbox (0.1.0):
    - SwiftyDropbox (~> 3.0.0)
  - Cocoazur_Services (0.1.0)
  - Cocoazur_ServicesAlamofire (0.1.0):
    - Alamofire (~> 3.4)
    - Cocoazur_Services (~> 0.1.0)
  - SwiftyDropbox (3.0.0):
    - Alamofire (~> 3.1)

DEPENDENCIES:
  - Cocoazur_Core (from `../`)
  - Cocoazur_Dropbox (from `../`)
  - Cocoazur_Services (from `../`)
  - Cocoazur_ServicesAlamofire (from `../`)

EXTERNAL SOURCES:
  Cocoazur_Core:
    :path: ../
  Cocoazur_Dropbox:
    :path: ../
  Cocoazur_Services:
    :path: ../
  Cocoazur_ServicesAlamofire:
    :path: ../

SPEC CHECKSUMS:
  Alamofire: 01a82e2f6c0f860ade35534c8dd88be61bdef40c
  Cocoazur_Core: 4caee086cd2357ee92a9eff2bfda5dc503c589ef
  Cocoazur_Dropbox: cd8e12a5e3a899a8041a002e1ada1495d0314490
  Cocoazur_Services: 80a680069dff4e2f301e5dd5726a643c9debc30f
  Cocoazur_ServicesAlamofire: 00cba9cfea34475dce67b2826990f2b6e9d8d9a7
  SwiftyDropbox: e0d4aa3166082ec07ed942e94edb8c732b3376e4

PODFILE CHECKSUM: aca2988f2bbd458ac600a3ab3db471c628251547

COCOAPODS: 1.0.1
